<?xml version="1.0" encoding="utf-8"?>
<Project ToolsVersion="4.0" xmlns="http://schemas.microsoft.com/developer/msbuild/2003">
  <ItemGroup>
    <Filter Include="Quellcodedateien">
      <UniqueIdentifier>{6eff532e-cd73-47e6-9452-78249476961d}</UniqueIdentifier>
      <Extensions>cpp;c;cxx;rc;def;r;odl;idl;hpj;bat</Extensions>
    </Filter>
    <Filter Include="Header-Dateien">
      <UniqueIdentifier>{0965c95b-d03c-498f-a4a5-df051795e965}</UniqueIdentifier>
      <Extensions>h;hpp;hxx;hm;inl</Extensions>
    </Filter>
    <Filter Include="Ressourcendateien">
      <UniqueIdentifier>{0c435426-3a5a-4093-affd-7e494f2bab7e}</UniqueIdentifier>
      <Extensions>ico;cur;bmp;dlg;rc2;rct;bin;rgs;gif;jpg;jpeg;jpe</Extensions>
    </Filter>
  </ItemGroup>
  <ItemGroup>
    <ClCompile Include="src\main.cpp">
      <Filter>Quellcodedateien</Filter>
    </ClCompile>
    <ClCompile Include="src\tga.cpp">
      <Filter>Quellcodedateien</Filter>
    </ClCompile>
    <ClCompile Include="src\tick.cpp">
      <Filter>Quellcodedateien</Filter>
    </ClCompile>
    <ClCompile Include="src\viewer.cpp">
      <Filter>Quellcodedateien</Filter>
    </ClCompile>
  </ItemGroup>
  <ItemGroup>
    <ClInclude Include="config.h">
      <Filter>Header-Dateien</Filter>
    </ClInclude>
    <ClInclude Include="src\global.h">
      <Filter>Header-Dateien</Filter>
    </ClInclude>
    <ClInclude Include="src\tga.h">
      <Filter>Header-Dateien</Filter>
    </ClInclude>
    <ClInclude Include="src\tick.h">
      <Filter>Header-Dateien</Filter>
    </ClInclude>
    <ClInclude Include="src\viewer.h">
      <Filter>Header-Dateien</Filter>
    </ClInclude>
  </ItemGroup>
  <ItemGroup>
    <CustomBuild Include="AUTHORS" />
    <CustomBuild Include="ChangeLog" />
    <CustomBuild Include="COPYING" />
    <CustomBuild Include="INSTALL" />
    <CustomBuild Include="README" />
    <CustomBuild Include="TODO" />
  </ItemGroup>
</Project>