
Microsoft Visual Studio Solution File, Format Version 11.00
# Visual Studio 2010
Project("{2150E333-8FDC-42A3-9474-1A3956D46DE8}") = "Engine", "Engine", "{31B264CF-5CD6-4246-B131-706CC28B1121}"
EndProject
Project("{2150E333-8FDC-42A3-9474-1A3956D46DE8}") = "Game", "Game", "{57D7EE7E-981C-4271-9B5C-DE54D84AF471}"
EndProject
Project("{2150E333-8FDC-42A3-9474-1A3956D46DE8}") = "Tools", "Tools", "{B54DC073-3EA3-4DD0-8C7A-914C39315416}"
EndProject
Project("{8BC9CEB8-8B4A-11D0-8D11-00A0C91BC942}") = "TheOtherSide", "Code\VideoGame\VideoGame.vcxproj", "{03B7C3E5-CA0E-48E3-8B79-AE79E3E264A0}"
	ProjectSection(ProjectDependencies) = postProject
		{857EB220-5D60-9B65-32AD-9ADC34E7319D} = {857EB220-5D60-9B65-32AD-9ADC34E7319D}
		{4FFD1B15-E383-49BA-B386-9F22AE1EBD02} = {4FFD1B15-E383-49BA-B386-9F22AE1EBD02}
		{D5DF3B1F-39D0-4F5C-9816-C194173F36AF} = {D5DF3B1F-39D0-4F5C-9816-C194173F36AF}
		{168D722D-3DC6-486C-ABCC-114B033E48BF} = {168D722D-3DC6-486C-ABCC-114B033E48BF}
		{13E2C62D-B948-4415-8721-E39E0AD7C86F} = {13E2C62D-B948-4415-8721-E39E0AD7C86F}
		{80AD7E2F-2AF1-4FD5-BF77-61F6C26D55AD} = {80AD7E2F-2AF1-4FD5-BF77-61F6C26D55AD}
		{8970AF54-3A65-4C06-843D-D5561947EE80} = {8970AF54-3A65-4C06-843D-D5561947EE80}
		{BEE4CEA1-1609-43DE-B232-5E2E959AEB9A} = {BEE4CEA1-1609-43DE-B232-5E2E959AEB9A}
		{E6E880AC-9B57-4066-BABF-EEE82A5F8589} = {E6E880AC-9B57-4066-BABF-EEE82A5F8589}
		{C00C25B3-84F7-4D68-9483-A3CA5EB39662} = {C00C25B3-84F7-4D68-9483-A3CA5EB39662}
		{778CD7B8-1D41-4B8C-8B18-95D812205185} = {778CD7B8-1D41-4B8C-8B18-95D812205185}
		{0EEF67CD-7282-4AE6-A48E-0108906DAE0E} = {0EEF67CD-7282-4AE6-A48E-0108906DAE0E}
	EndProjectSection
EndProject
Project("{8BC9CEB8-8B4A-11D0-8D11-00A0C91BC942}") = "Base", "Code\Engine\Base\Base.vcxproj", "{778CD7B8-1D41-4B8C-8B18-95D812205185}"
EndProject
Project("{8BC9CEB8-8B4A-11D0-8D11-00A0C91BC942}") = "Core", "Code\Engine\Core\Core.vcxproj", "{C00C25B3-84F7-4D68-9483-A3CA5EB39662}"
EndProject
Project("{8BC9CEB8-8B4A-11D0-8D11-00A0C91BC942}") = "Graphics", "Code\Engine\Graphics\Graphics.vcxproj", "{0EEF67CD-7282-4AE6-A48E-0108906DAE0E}"
EndProject
Project("{8BC9CEB8-8B4A-11D0-8D11-00A0C91BC942}") = "GUI", "Code\Engine\GUI\GUI.vcxproj", "{BEE4CEA1-1609-43DE-B232-5E2E959AEB9A}"
EndProject
Project("{8BC9CEB8-8B4A-11D0-8D11-00A0C91BC942}") = "Network", "Code\Engine\Network\Network.vcxproj", "{80AD7E2F-2AF1-4FD5-BF77-61F6C26D55AD}"
EndProject
Project("{8BC9CEB8-8B4A-11D0-8D11-00A0C91BC942}") = "PhysX", "Code\Engine\PhysX\PhysX.vcxproj", "{4FFD1B15-E383-49BA-B386-9F22AE1EBD02}"
EndProject
Project("{8BC9CEB8-8B4A-11D0-8D11-00A0C91BC942}") = "Sound", "Code\Engine\Sound\Sound.vcxproj", "{13E2C62D-B948-4415-8721-E39E0AD7C86F}"
EndProject
Project("{8BC9CEB8-8B4A-11D0-8D11-00A0C91BC942}") = "Viewer", "Code\Tools\Viewer\Viewer.vcxproj", "{DEF81EFC-1446-47FE-BCE3-FE510954CC25}"
	ProjectSection(ProjectDependencies) = postProject
		{857EB220-5D60-9B65-32AD-9ADC34E7319D} = {857EB220-5D60-9B65-32AD-9ADC34E7319D}
		{4FFD1B15-E383-49BA-B386-9F22AE1EBD02} = {4FFD1B15-E383-49BA-B386-9F22AE1EBD02}
		{D5DF3B1F-39D0-4F5C-9816-C194173F36AF} = {D5DF3B1F-39D0-4F5C-9816-C194173F36AF}
		{168D722D-3DC6-486C-ABCC-114B033E48BF} = {168D722D-3DC6-486C-ABCC-114B033E48BF}
		{13E2C62D-B948-4415-8721-E39E0AD7C86F} = {13E2C62D-B948-4415-8721-E39E0AD7C86F}
		{8970AF54-3A65-4C06-843D-D5561947EE80} = {8970AF54-3A65-4C06-843D-D5561947EE80}
		{BEE4CEA1-1609-43DE-B232-5E2E959AEB9A} = {BEE4CEA1-1609-43DE-B232-5E2E959AEB9A}
		{E6E880AC-9B57-4066-BABF-EEE82A5F8589} = {E6E880AC-9B57-4066-BABF-EEE82A5F8589}
		{C00C25B3-84F7-4D68-9483-A3CA5EB39662} = {C00C25B3-84F7-4D68-9483-A3CA5EB39662}
		{778CD7B8-1D41-4B8C-8B18-95D812205185} = {778CD7B8-1D41-4B8C-8B18-95D812205185}
		{0EEF67CD-7282-4AE6-A48E-0108906DAE0E} = {0EEF67CD-7282-4AE6-A48E-0108906DAE0E}
	EndProjectSection
EndProject
Project("{8BC9CEB8-8B4A-11D0-8D11-00A0C91BC942}") = "Input", "Code\Engine\Input\Input.vcxproj", "{168D722D-3DC6-486C-ABCC-114B033E48BF}"
EndProject
Project("{2150E333-8FDC-42A3-9474-1A3956D46DE8}") = "3dParty", "3dParty", "{ED7810FF-B64C-42B7-8128-D12B5EC68841}"
EndProject
Project("{8BC9CEB8-8B4A-11D0-8D11-00A0C91BC942}") = "cal3d", "Code\Engine\3dParty\cal3d-0.11rc2\src\cal3d\cal3d.vcxproj", "{857EB220-5D60-9B65-32AD-9ADC34E7319D}"
EndProject
Project("{8BC9CEB8-8B4A-11D0-8D11-00A0C91BC942}") = "LUA", "Code\Engine\3dParty\lua-5.2.0\LUA\LUA.vcxproj", "{E6E880AC-9B57-4066-BABF-EEE82A5F8589}"
EndProject
Project("{8BC9CEB8-8B4A-11D0-8D11-00A0C91BC942}") = "luabind", "Code\Engine\3dParty\luabind-0.9.1\luabind\luabind.vcxproj", "{D5DF3B1F-39D0-4F5C-9816-C194173F36AF}"
EndProject
Project("{8BC9CEB8-8B4A-11D0-8D11-00A0C91BC942}") = "Game", "Code\Engine\Game\Game.vcxproj", "{8970AF54-3A65-4C06-843D-D5561947EE80}"
EndProject
Global
	GlobalSection(SolutionConfigurationPlatforms) = preSolution
		Debug|Win32 = Debug|Win32
		Release|Win32 = Release|Win32
		Template|Win32 = Template|Win32
	EndGlobalSection
	GlobalSection(ProjectConfigurationPlatforms) = postSolution
		{03B7C3E5-CA0E-48E3-8B79-AE79E3E264A0}.Debug|Win32.ActiveCfg = Debug|Win32
		{03B7C3E5-CA0E-48E3-8B79-AE79E3E264A0}.Debug|Win32.Build.0 = Debug|Win32
		{03B7C3E5-CA0E-48E3-8B79-AE79E3E264A0}.Release|Win32.ActiveCfg = Release|Win32
		{03B7C3E5-CA0E-48E3-8B79-AE79E3E264A0}.Release|Win32.Build.0 = Release|Win32
		{03B7C3E5-CA0E-48E3-8B79-AE79E3E264A0}.Template|Win32.ActiveCfg = Release|Win32
		{778CD7B8-1D41-4B8C-8B18-95D812205185}.Debug|Win32.ActiveCfg = Debug|Win32
		{778CD7B8-1D41-4B8C-8B18-95D812205185}.Debug|Win32.Build.0 = Debug|Win32
		{778CD7B8-1D41-4B8C-8B18-95D812205185}.Release|Win32.ActiveCfg = Release|Win32
		{778CD7B8-1D41-4B8C-8B18-95D812205185}.Release|Win32.Build.0 = Release|Win32
		{778CD7B8-1D41-4B8C-8B18-95D812205185}.Template|Win32.ActiveCfg = Release|Win32
		{778CD7B8-1D41-4B8C-8B18-95D812205185}.Template|Win32.Build.0 = Release|Win32
		{C00C25B3-84F7-4D68-9483-A3CA5EB39662}.Debug|Win32.ActiveCfg = Debug|Win32
		{C00C25B3-84F7-4D68-9483-A3CA5EB39662}.Debug|Win32.Build.0 = Debug|Win32
		{C00C25B3-84F7-4D68-9483-A3CA5EB39662}.Release|Win32.ActiveCfg = Release|Win32
		{C00C25B3-84F7-4D68-9483-A3CA5EB39662}.Release|Win32.Build.0 = Release|Win32
		{C00C25B3-84F7-4D68-9483-A3CA5EB39662}.Template|Win32.ActiveCfg = Release|Win32
		{C00C25B3-84F7-4D68-9483-A3CA5EB39662}.Template|Win32.Build.0 = Release|Win32
		{0EEF67CD-7282-4AE6-A48E-0108906DAE0E}.Debug|Win32.ActiveCfg = Debug|Win32
		{0EEF67CD-7282-4AE6-A48E-0108906DAE0E}.Debug|Win32.Build.0 = Debug|Win32
		{0EEF67CD-7282-4AE6-A48E-0108906DAE0E}.Release|Win32.ActiveCfg = Release|Win32
		{0EEF67CD-7282-4AE6-A48E-0108906DAE0E}.Release|Win32.Build.0 = Release|Win32
		{0EEF67CD-7282-4AE6-A48E-0108906DAE0E}.Template|Win32.ActiveCfg = Release|Win32
		{0EEF67CD-7282-4AE6-A48E-0108906DAE0E}.Template|Win32.Build.0 = Release|Win32
		{BEE4CEA1-1609-43DE-B232-5E2E959AEB9A}.Debug|Win32.ActiveCfg = Debug|Win32
		{BEE4CEA1-1609-43DE-B232-5E2E959AEB9A}.Debug|Win32.Build.0 = Debug|Win32
		{BEE4CEA1-1609-43DE-B232-5E2E959AEB9A}.Release|Win32.ActiveCfg = Release|Win32
		{BEE4CEA1-1609-43DE-B232-5E2E959AEB9A}.Release|Win32.Build.0 = Release|Win32
		{BEE4CEA1-1609-43DE-B232-5E2E959AEB9A}.Template|Win32.ActiveCfg = Release|Win32
		{80AD7E2F-2AF1-4FD5-BF77-61F6C26D55AD}.Debug|Win32.ActiveCfg = Debug|Win32
		{80AD7E2F-2AF1-4FD5-BF77-61F6C26D55AD}.Debug|Win32.Build.0 = Debug|Win32
		{80AD7E2F-2AF1-4FD5-BF77-61F6C26D55AD}.Release|Win32.ActiveCfg = Release|Win32
		{80AD7E2F-2AF1-4FD5-BF77-61F6C26D55AD}.Release|Win32.Build.0 = Release|Win32
		{80AD7E2F-2AF1-4FD5-BF77-61F6C26D55AD}.Template|Win32.ActiveCfg = Release|Win32
		{4FFD1B15-E383-49BA-B386-9F22AE1EBD02}.Debug|Win32.ActiveCfg = Debug|Win32
		{4FFD1B15-E383-49BA-B386-9F22AE1EBD02}.Debug|Win32.Build.0 = Debug|Win32
		{4FFD1B15-E383-49BA-B386-9F22AE1EBD02}.Release|Win32.ActiveCfg = Release|Win32
		{4FFD1B15-E383-49BA-B386-9F22AE1EBD02}.Release|Win32.Build.0 = Release|Win32
		{4FFD1B15-E383-49BA-B386-9F22AE1EBD02}.Template|Win32.ActiveCfg = Release|Win32
		{13E2C62D-B948-4415-8721-E39E0AD7C86F}.Debug|Win32.ActiveCfg = Debug|Win32
		{13E2C62D-B948-4415-8721-E39E0AD7C86F}.Debug|Win32.Build.0 = Debug|Win32
		{13E2C62D-B948-4415-8721-E39E0AD7C86F}.Release|Win32.ActiveCfg = Release|Win32
		{13E2C62D-B948-4415-8721-E39E0AD7C86F}.Release|Win32.Build.0 = Release|Win32
		{13E2C62D-B948-4415-8721-E39E0AD7C86F}.Template|Win32.ActiveCfg = Release|Win32
		{DEF81EFC-1446-47FE-BCE3-FE510954CC25}.Debug|Win32.ActiveCfg = Debug|Win32
		{DEF81EFC-1446-47FE-BCE3-FE510954CC25}.Debug|Win32.Build.0 = Debug|Win32
		{DEF81EFC-1446-47FE-BCE3-FE510954CC25}.Release|Win32.ActiveCfg = Release|Win32
		{DEF81EFC-1446-47FE-BCE3-FE510954CC25}.Release|Win32.Build.0 = Release|Win32
		{DEF81EFC-1446-47FE-BCE3-FE510954CC25}.Template|Win32.ActiveCfg = Release|Win32
		{DEF81EFC-1446-47FE-BCE3-FE510954CC25}.Template|Win32.Build.0 = Release|Win32
		{168D722D-3DC6-486C-ABCC-114B033E48BF}.Debug|Win32.ActiveCfg = Debug|Win32
		{168D722D-3DC6-486C-ABCC-114B033E48BF}.Debug|Win32.Build.0 = Debug|Win32
		{168D722D-3DC6-486C-ABCC-114B033E48BF}.Release|Win32.ActiveCfg = Release|Win32
		{168D722D-3DC6-486C-ABCC-114B033E48BF}.Release|Win32.Build.0 = Release|Win32
		{168D722D-3DC6-486C-ABCC-114B033E48BF}.Template|Win32.ActiveCfg = Release|Win32
		{168D722D-3DC6-486C-ABCC-114B033E48BF}.Template|Win32.Build.0 = Release|Win32
		{857EB220-5D60-9B65-32AD-9ADC34E7319D}.Debug|Win32.ActiveCfg = Debug|Win32
		{857EB220-5D60-9B65-32AD-9ADC34E7319D}.Debug|Win32.Build.0 = Debug|Win32
		{857EB220-5D60-9B65-32AD-9ADC34E7319D}.Release|Win32.ActiveCfg = Release|Win32
		{857EB220-5D60-9B65-32AD-9ADC34E7319D}.Release|Win32.Build.0 = Release|Win32
		{857EB220-5D60-9B65-32AD-9ADC34E7319D}.Template|Win32.ActiveCfg = Release|Win32
		{857EB220-5D60-9B65-32AD-9ADC34E7319D}.Template|Win32.Build.0 = Release|Win32
		{E6E880AC-9B57-4066-BABF-EEE82A5F8589}.Debug|Win32.ActiveCfg = Debug|Win32
		{E6E880AC-9B57-4066-BABF-EEE82A5F8589}.Debug|Win32.Build.0 = Debug|Win32
		{E6E880AC-9B57-4066-BABF-EEE82A5F8589}.Release|Win32.ActiveCfg = Release|Win32
		{E6E880AC-9B57-4066-BABF-EEE82A5F8589}.Release|Win32.Build.0 = Release|Win32
		{E6E880AC-9B57-4066-BABF-EEE82A5F8589}.Template|Win32.ActiveCfg = Release|Win32
		{E6E880AC-9B57-4066-BABF-EEE82A5F8589}.Template|Win32.Build.0 = Release|Win32
		{D5DF3B1F-39D0-4F5C-9816-C194173F36AF}.Debug|Win32.ActiveCfg = Debug|Win32
		{D5DF3B1F-39D0-4F5C-9816-C194173F36AF}.Debug|Win32.Build.0 = Debug|Win32
		{D5DF3B1F-39D0-4F5C-9816-C194173F36AF}.Release|Win32.ActiveCfg = Release|Win32
		{D5DF3B1F-39D0-4F5C-9816-C194173F36AF}.Release|Win32.Build.0 = Release|Win32
		{D5DF3B1F-39D0-4F5C-9816-C194173F36AF}.Template|Win32.ActiveCfg = Release|Win32
		{D5DF3B1F-39D0-4F5C-9816-C194173F36AF}.Template|Win32.Build.0 = Release|Win32
		{8970AF54-3A65-4C06-843D-D5561947EE80}.Debug|Win32.ActiveCfg = Debug|Win32
		{8970AF54-3A65-4C06-843D-D5561947EE80}.Debug|Win32.Build.0 = Debug|Win32
		{8970AF54-3A65-4C06-843D-D5561947EE80}.Release|Win32.ActiveCfg = Release|Win32
		{8970AF54-3A65-4C06-843D-D5561947EE80}.Release|Win32.Build.0 = Release|Win32
		{8970AF54-3A65-4C06-843D-D5561947EE80}.Template|Win32.ActiveCfg = Release|Win32
		{8970AF54-3A65-4C06-843D-D5561947EE80}.Template|Win32.Build.0 = Release|Win32
	EndGlobalSection
	GlobalSection(SolutionProperties) = preSolution
		HideSolutionNode = FALSE
	EndGlobalSection
	GlobalSection(NestedProjects) = preSolution
		{778CD7B8-1D41-4B8C-8B18-95D812205185} = {31B264CF-5CD6-4246-B131-706CC28B1121}
		{C00C25B3-84F7-4D68-9483-A3CA5EB39662} = {31B264CF-5CD6-4246-B131-706CC28B1121}
		{0EEF67CD-7282-4AE6-A48E-0108906DAE0E} = {31B264CF-5CD6-4246-B131-706CC28B1121}
		{BEE4CEA1-1609-43DE-B232-5E2E959AEB9A} = {31B264CF-5CD6-4246-B131-706CC28B1121}
		{80AD7E2F-2AF1-4FD5-BF77-61F6C26D55AD} = {31B264CF-5CD6-4246-B131-706CC28B1121}
		{4FFD1B15-E383-49BA-B386-9F22AE1EBD02} = {31B264CF-5CD6-4246-B131-706CC28B1121}
		{13E2C62D-B948-4415-8721-E39E0AD7C86F} = {31B264CF-5CD6-4246-B131-706CC28B1121}
		{168D722D-3DC6-486C-ABCC-114B033E48BF} = {31B264CF-5CD6-4246-B131-706CC28B1121}
		{8970AF54-3A65-4C06-843D-D5561947EE80} = {31B264CF-5CD6-4246-B131-706CC28B1121}
		{03B7C3E5-CA0E-48E3-8B79-AE79E3E264A0} = {57D7EE7E-981C-4271-9B5C-DE54D84AF471}
		{DEF81EFC-1446-47FE-BCE3-FE510954CC25} = {B54DC073-3EA3-4DD0-8C7A-914C39315416}
		{857EB220-5D60-9B65-32AD-9ADC34E7319D} = {ED7810FF-B64C-42B7-8128-D12B5EC68841}
		{E6E880AC-9B57-4066-BABF-EEE82A5F8589} = {ED7810FF-B64C-42B7-8128-D12B5EC68841}
		{D5DF3B1F-39D0-4F5C-9816-C194173F36AF} = {ED7810FF-B64C-42B7-8128-D12B5EC68841}
	EndGlobalSection
EndGlobal
