<?xml version="1.0" encoding="utf-8"?>
<Project ToolsVersion="4.0" xmlns="http://schemas.microsoft.com/developer/msbuild/2003">
  <ItemGroup>
    <Filter Include="Math">
      <UniqueIdentifier>{ccca7eb3-1b38-4ab6-98e5-99d9714c2096}</UniqueIdentifier>
    </Filter>
    <Filter Include="Utils">
      <UniqueIdentifier>{6368360d-b901-4f2e-98e1-a7cf91a3cef9}</UniqueIdentifier>
    </Filter>
    <Filter Include="Xml">
      <UniqueIdentifier>{77417144-01b3-459c-b6df-69ae24d09c49}</UniqueIdentifier>
    </Filter>
    <Filter Include="Scripting">
      <UniqueIdentifier>{60e8e966-90e6-49bd-aa77-383e09dcbe13}</UniqueIdentifier>
    </Filter>
  </ItemGroup>
  <ItemGroup>
    <ClCompile Include="Math\MathConstants.cpp">
      <Filter>Math</Filter>
    </ClCompile>
    <ClCompile Include="XML\Example.cpp">
      <Filter>Xml</Filter>
    </ClCompile>
    <ClCompile Include="XML\XMLTreeNode.cpp">
      <Filter>Xml</Filter>
    </ClCompile>
    <ClCompile Include="LanguageManager.cpp" />
    <ClCompile Include="Timer.cpp" />
    <ClCompile Include="Logger.cpp" />
    <ClCompile Include="Utils\CountDownTimer.cpp">
      <Filter>Utils</Filter>
    </ClCompile>
    <ClCompile Include="Utils\LerpAnimator1D.cpp">
      <Filter>Utils</Filter>
    </ClCompile>
    <ClCompile Include="Utils\LerpAnimator2D.cpp">
      <Filter>Utils</Filter>
    </ClCompile>
    <ClCompile Include="Utils\LerpAnimator3D.cpp">
      <Filter>Utils</Filter>
    </ClCompile>
    <ClCompile Include="Exception.cpp" />
    <ClCompile Include="MemLeaks.cpp" />
    <ClCompile Include="LogRender.cpp" />
    <ClCompile Include="Scripting\ScriptManager.cpp">
      <Filter>Scripting</Filter>
    </ClCompile>
    <ClCompile Include="Console.cpp" />
    <ClCompile Include="Math\Random.cpp">
      <Filter>Math</Filter>
    </ClCompile>
    <ClCompile Include="Trigger.cpp">
      <Filter>Scripting</Filter>
    </ClCompile>
    <ClCompile Include="TriggerManager.cpp">
      <Filter>Scripting</Filter>
    </ClCompile>
  </ItemGroup>
  <ItemGroup>
    <ClInclude Include="Math\MathTypes.h">
      <Filter>Math</Filter>
    </ClInclude>
    <ClInclude Include="Math\MathUtils.h">
      <Filter>Math</Filter>
    </ClInclude>
    <ClInclude Include="Math\Matrix33.h">
      <Filter>Math</Filter>
    </ClInclude>
    <ClInclude Include="Math\Matrix34.h">
      <Filter>Math</Filter>
    </ClInclude>
    <ClInclude Include="Math\Matrix44.h">
      <Filter>Math</Filter>
    </ClInclude>
    <ClInclude Include="Math\Vector2.h">
      <Filter>Math</Filter>
    </ClInclude>
    <ClInclude Include="Math\Vector3.h">
      <Filter>Math</Filter>
    </ClInclude>
    <ClInclude Include="Math\Vector4.h">
      <Filter>Math</Filter>
    </ClInclude>
    <ClInclude Include="XML\XMLTreeNode.h">
      <Filter>Xml</Filter>
    </ClInclude>
    <ClInclude Include="Utils\Types.h">
      <Filter>Utils</Filter>
    </ClInclude>
    <ClInclude Include="Base.h" />
    <ClInclude Include="Math\Color.h">
      <Filter>Math</Filter>
    </ClInclude>
    <ClInclude Include="Singleton.h" />
    <ClInclude Include="LanguageManager.h" />
    <ClInclude Include="Timer.h" />
    <ClInclude Include="Logger.h" />
    <ClInclude Include="Utils\BaseUtils.h">
      <Filter>Utils</Filter>
    </ClInclude>
    <ClInclude Include="Utils\CountDownTimer.h">
      <Filter>Utils</Filter>
    </ClInclude>
    <ClInclude Include="Utils\LerpAnimator1D.h">
      <Filter>Utils</Filter>
    </ClInclude>
    <ClInclude Include="Utils\LerpAnimator2D.h">
      <Filter>Utils</Filter>
    </ClInclude>
    <ClInclude Include="Utils\LerpAnimator3D.h">
      <Filter>Utils</Filter>
    </ClInclude>
    <ClInclude Include="Exception.h" />
    <ClInclude Include="MemLeaks.h" />
    <ClInclude Include="LogRender.h" />
    <ClInclude Include="Utils\MapManager.h">
      <Filter>Utils</Filter>
    </ClInclude>
    <ClInclude Include="Named.h">
      <Filter>Utils</Filter>
    </ClInclude>
    <ClInclude Include="Utils\VectorMapManager.h">
      <Filter>Utils</Filter>
    </ClInclude>
    <ClInclude Include="Scripting\ScriptManager.h">
      <Filter>Scripting</Filter>
    </ClInclude>
    <ClInclude Include="Console.h" />
    <ClInclude Include="Utils\RecyclingArray.h">
      <Filter>Utils</Filter>
    </ClInclude>
    <ClInclude Include="Utils\BaseControl.h">
      <Filter>Utils</Filter>
    </ClInclude>
    <ClInclude Include="Math\Random.h">
      <Filter>Math</Filter>
    </ClInclude>
    <ClInclude Include="TriggerManager.h">
      <Filter>Scripting</Filter>
    </ClInclude>
    <ClInclude Include="Trigger.h">
      <Filter>Scripting</Filter>
    </ClInclude>
    <ClInclude Include="ThreadPool.h">
      <Filter>Utils</Filter>
    </ClInclude>
  </ItemGroup>
  <ItemGroup>
    <None Include="Math\MathUtils.inl">
      <Filter>Math</Filter>
    </None>
    <None Include="Math\Matrix33.inl">
      <Filter>Math</Filter>
    </None>
    <None Include="Math\Matrix34.inl">
      <Filter>Math</Filter>
    </None>
    <None Include="Math\Matrix44.inl">
      <Filter>Math</Filter>
    </None>
    <None Include="Math\Vector2.inl">
      <Filter>Math</Filter>
    </None>
    <None Include="Math\Vector3.inl">
      <Filter>Math</Filter>
    </None>
    <None Include="Math\Vector4.inl">
      <Filter>Math</Filter>
    </None>
  </ItemGroup>
</Project>