<?xml version="1.0" encoding="utf-8"?>
<Project ToolsVersion="4.0" xmlns="http://schemas.microsoft.com/developer/msbuild/2003">
  <ItemGroup>
    <ClCompile Include="RenderManager.cpp" />
    <ClCompile Include="FontManager.cpp" />
    <ClCompile Include="Camera\Camera.cpp">
      <Filter>Camera</Filter>
    </ClCompile>
    <ClCompile Include="Camera\FPSCamera.cpp">
      <Filter>Camera</Filter>
    </ClCompile>
    <ClCompile Include="Camera\Frustum.cpp">
      <Filter>Camera</Filter>
    </ClCompile>
    <ClCompile Include="Camera\ThPSCamera.cpp">
      <Filter>Camera</Filter>
    </ClCompile>
    <ClCompile Include="Object3D.cpp" />
    <ClCompile Include="Texture.cpp">
      <Filter>Textures</Filter>
    </ClCompile>
    <ClCompile Include="TextureManager.cpp">
      <Filter>Textures</Filter>
    </ClCompile>
    <ClCompile Include="StaticMesh.cpp">
      <Filter>RenderableObjects</Filter>
    </ClCompile>
    <ClCompile Include="StaticMeshManager.cpp">
      <Filter>RenderableObjects</Filter>
    </ClCompile>
    <ClCompile Include="RenderableObjectsManager.cpp">
      <Filter>RenderableObjects</Filter>
    </ClCompile>
    <ClCompile Include="RenderableObject.cpp">
      <Filter>RenderableObjects</Filter>
    </ClCompile>
    <ClCompile Include="MeshInstance.cpp">
      <Filter>RenderableObjects</Filter>
    </ClCompile>
    <ClCompile Include="AnimatedModelsManager.cpp">
      <Filter>RenderableObjects</Filter>
    </ClCompile>
    <ClCompile Include="AnimatedCoreModel.cpp">
      <Filter>RenderableObjects</Filter>
    </ClCompile>
    <ClCompile Include="AnimatedInstanceModel.cpp">
      <Filter>RenderableObjects</Filter>
    </ClCompile>
    <ClCompile Include="LightManager.cpp">
      <Filter>Lights</Filter>
    </ClCompile>
    <ClCompile Include="Light.cpp">
      <Filter>Lights</Filter>
    </ClCompile>
    <ClCompile Include="OmniLight.cpp">
      <Filter>Lights</Filter>
    </ClCompile>
    <ClCompile Include="DirectionalLight.cpp">
      <Filter>Lights</Filter>
    </ClCompile>
    <ClCompile Include="SpotLight.cpp">
      <Filter>Lights</Filter>
    </ClCompile>
    <ClCompile Include="Effect.cpp">
      <Filter>Effects</Filter>
    </ClCompile>
    <ClCompile Include="EffectManager.cpp">
      <Filter>Effects</Filter>
    </ClCompile>
    <ClCompile Include="EffectTechnique.cpp">
      <Filter>Effects</Filter>
    </ClCompile>
    <ClCompile Include="VertexType.cpp">
      <Filter>Vertexs</Filter>
    </ClCompile>
    <ClCompile Include="Renderer\BeginRenderSceneRendererCommand.cpp">
      <Filter>Renderer</Filter>
    </ClCompile>
    <ClCompile Include="Renderer\CaptureFrameBufferSceneRendererCommand.cpp">
      <Filter>Renderer</Filter>
    </ClCompile>
    <ClCompile Include="Renderer\ClearSceneRendererCommand.cpp">
      <Filter>Renderer</Filter>
    </ClCompile>
    <ClCompile Include="Renderer\DeferredShadingSceneRendererCommand.cpp">
      <Filter>Renderer</Filter>
    </ClCompile>
    <ClCompile Include="Renderer\DisableZTestSceneRendererCommand.cpp">
      <Filter>Renderer</Filter>
    </ClCompile>
    <ClCompile Include="Renderer\DisableZWriteSceneRendererCommand.cpp">
      <Filter>Renderer</Filter>
    </ClCompile>
    <ClCompile Include="Renderer\DrawQuadRendererCommand.cpp">
      <Filter>Renderer</Filter>
    </ClCompile>
    <ClCompile Include="Renderer\EnableZTestSceneRendererCommand.cpp">
      <Filter>Renderer</Filter>
    </ClCompile>
    <ClCompile Include="Renderer\EnableZWriteSceneRendererCommand.cpp">
      <Filter>Renderer</Filter>
    </ClCompile>
    <ClCompile Include="Renderer\EndRenderSceneRendererCommand.cpp">
      <Filter>Renderer</Filter>
    </ClCompile>
    <ClCompile Include="Renderer\GenerateShadowMapsSceneRendererCommand.cpp">
      <Filter>Renderer</Filter>
    </ClCompile>
    <ClCompile Include="Renderer\PoolRenderableObjectTechnique.cpp">
      <Filter>Renderer</Filter>
    </ClCompile>
    <ClCompile Include="Renderer\RenderableObjectsLayersManager.cpp">
      <Filter>Renderer</Filter>
    </ClCompile>
    <ClCompile Include="Renderer\RenderableObjectsTechniqueManager.cpp">
      <Filter>Renderer</Filter>
    </ClCompile>
    <ClCompile Include="Renderer\RenderableObjectTechnique.cpp">
      <Filter>Renderer</Filter>
    </ClCompile>
    <ClCompile Include="Renderer\RenderableObjectTechniquesSceneRendererCommand.cpp">
      <Filter>Renderer</Filter>
    </ClCompile>
    <ClCompile Include="Renderer\RenderDebugLightsSceneSceneRendererCommand.cpp">
      <Filter>Renderer</Filter>
    </ClCompile>
    <ClCompile Include="Renderer\RenderDebugSceneSceneRendererCommand.cpp">
      <Filter>Renderer</Filter>
    </ClCompile>
    <ClCompile Include="Renderer\RenderDebugShadowMapsSceneRendererCommand.cpp">
      <Filter>Renderer</Filter>
    </ClCompile>
    <ClCompile Include="Renderer\RenderGUISceneRendererCommand.cpp">
      <Filter>Renderer</Filter>
    </ClCompile>
    <ClCompile Include="Renderer\RenderSceneSceneRendererCommand.cpp">
      <Filter>Renderer</Filter>
    </ClCompile>
    <ClCompile Include="Renderer\SceneRendererCommand.cpp">
      <Filter>Renderer</Filter>
    </ClCompile>
    <ClCompile Include="Renderer\SceneRendererCommandManager.cpp">
      <Filter>Renderer</Filter>
    </ClCompile>
    <ClCompile Include="Renderer\SetRenderTargetSceneRendererCommand.cpp">
      <Filter>Renderer</Filter>
    </ClCompile>
    <ClCompile Include="Renderer\StagedTexturedRendererCommand.cpp">
      <Filter>Renderer</Filter>
    </ClCompile>
    <ClCompile Include="Renderer\UnsetRenderTargetSceneRendererCommand.cpp">
      <Filter>Renderer</Filter>
    </ClCompile>
    <ClCompile Include="Renderer\PresentSceneRendererCommand.cpp">
      <Filter>Renderer</Filter>
    </ClCompile>
    <ClCompile Include="Renderer\RenderDebugInfoSceneRendererCommand.cpp">
      <Filter>Renderer</Filter>
    </ClCompile>
    <ClCompile Include="Renderer\SetupMatricesSceneRendererCommand.cpp">
      <Filter>Renderer</Filter>
    </ClCompile>
    <ClCompile Include="Billboard.cpp">
      <Filter>Particles</Filter>
    </ClCompile>
    <ClCompile Include="BillboardAnimation.cpp">
      <Filter>Particles</Filter>
    </ClCompile>
    <ClCompile Include="Particle.cpp">
      <Filter>Particles</Filter>
    </ClCompile>
    <ClCompile Include="BillboardManager.cpp">
      <Filter>Particles</Filter>
    </ClCompile>
    <ClCompile Include="ParticleManager.cpp">
      <Filter>Particles</Filter>
    </ClCompile>
    <ClCompile Include="Renderer\ScissorRectSceneRendererCommand.cpp">
      <Filter>Renderer</Filter>
    </ClCompile>
    <ClCompile Include="Renderer\UnsetScissorRectSceneRendererCommand.cpp">
      <Filter>Renderer</Filter>
    </ClCompile>
    <ClCompile Include="Camera\ThirdPersonCamera.cpp">
      <Filter>Camera</Filter>
    </ClCompile>
    <ClCompile Include="ParticleEmitter.cpp">
      <Filter>Particles\Emitters</Filter>
    </ClCompile>
    <ClCompile Include="BoxEmitter.cpp">
      <Filter>Particles\Emitters</Filter>
    </ClCompile>
    <ClCompile Include="CircleEmitter.cpp">
      <Filter>Particles\Emitters</Filter>
    </ClCompile>
    <ClCompile Include="LineEmitter.cpp">
      <Filter>Particles\Emitters</Filter>
    </ClCompile>
    <ClCompile Include="PlaneEmitter.cpp">
      <Filter>Particles\Emitters</Filter>
    </ClCompile>
    <ClCompile Include="PointEmitter.cpp">
      <Filter>Particles\Emitters</Filter>
    </ClCompile>
    <ClCompile Include="SphereEmitter.cpp">
      <Filter>Particles\Emitters</Filter>
    </ClCompile>
    <ClCompile Include="TorusEmitter.cpp">
      <Filter>Particles\Emitters</Filter>
    </ClCompile>
    <ClCompile Include="Renderer\RenderParticlesSceneRendererCommand.cpp">
      <Filter>Renderer</Filter>
    </ClCompile>
    <ClCompile Include="FreeCamera.cpp">
      <Filter>Camera</Filter>
    </ClCompile>
    <ClCompile Include="Renderer\RenderDebugCameraSceneRendererCommand.cpp">
      <Filter>Renderer</Filter>
    </ClCompile>
    <ClCompile Include="Renderer\RenderMirrorsSceneRendererCommand.cpp">
      <Filter>Renderer</Filter>
    </ClCompile>
    <ClCompile Include="Renderer\BlurHShadowMapsSceneRendererCommand.cpp">
      <Filter>Renderer</Filter>
    </ClCompile>
    <ClCompile Include="Renderer\BlurVShadowMapsSceneRendererCommand.cpp">
      <Filter>Renderer</Filter>
    </ClCompile>
  </ItemGroup>
  <ItemGroup>
    <ClInclude Include="RenderManager.h" />
    <ClInclude Include="FontManager.h" />
    <ClInclude Include="Camera\Camera.h">
      <Filter>Camera</Filter>
    </ClInclude>
    <ClInclude Include="Camera\FPSCamera.h">
      <Filter>Camera</Filter>
    </ClInclude>
    <ClInclude Include="Camera\Frustum.h">
      <Filter>Camera</Filter>
    </ClInclude>
    <ClInclude Include="Camera\ThPSCamera.h">
      <Filter>Camera</Filter>
    </ClInclude>
    <ClInclude Include="Object3D.h" />
    <ClInclude Include="Texture.h">
      <Filter>Textures</Filter>
    </ClInclude>
    <ClInclude Include="RenderableVertexs.h">
      <Filter>Vertexs</Filter>
    </ClInclude>
    <ClInclude Include="IndexedVertexs.h">
      <Filter>Vertexs</Filter>
    </ClInclude>
    <ClInclude Include="VertexType.h">
      <Filter>Vertexs</Filter>
    </ClInclude>
    <ClInclude Include="TextureManager.h">
      <Filter>Textures</Filter>
    </ClInclude>
    <ClInclude Include="StaticMesh.h">
      <Filter>RenderableObjects</Filter>
    </ClInclude>
    <ClInclude Include="StaticMeshManager.h">
      <Filter>RenderableObjects</Filter>
    </ClInclude>
    <ClInclude Include="RenderableObjectsManager.h">
      <Filter>RenderableObjects</Filter>
    </ClInclude>
    <ClInclude Include="RenderableObject.h">
      <Filter>RenderableObjects</Filter>
    </ClInclude>
    <ClInclude Include="MeshInstance.h">
      <Filter>RenderableObjects</Filter>
    </ClInclude>
    <ClInclude Include="AnimatedModelsManager.h">
      <Filter>RenderableObjects</Filter>
    </ClInclude>
    <ClInclude Include="AnimatedCoreModel.h">
      <Filter>RenderableObjects</Filter>
    </ClInclude>
    <ClInclude Include="AnimatedInstanceModel.h">
      <Filter>RenderableObjects</Filter>
    </ClInclude>
    <ClInclude Include="LightManager.h">
      <Filter>Lights</Filter>
    </ClInclude>
    <ClInclude Include="Light.h">
      <Filter>Lights</Filter>
    </ClInclude>
    <ClInclude Include="OmniLight.h">
      <Filter>Lights</Filter>
    </ClInclude>
    <ClInclude Include="DirectionalLight.h">
      <Filter>Lights</Filter>
    </ClInclude>
    <ClInclude Include="Effect.h">
      <Filter>Effects</Filter>
    </ClInclude>
    <ClInclude Include="EffectManager.h">
      <Filter>Effects</Filter>
    </ClInclude>
    <ClInclude Include="EffectsDef.h">
      <Filter>Effects</Filter>
    </ClInclude>
    <ClInclude Include="EffectTechnique.h">
      <Filter>Effects</Filter>
    </ClInclude>
    <ClInclude Include="Renderer\BeginRenderSceneRendererCommand.h">
      <Filter>Renderer</Filter>
    </ClInclude>
    <ClInclude Include="Renderer\CaptureFrameBufferSceneRendererCommand.h">
      <Filter>Renderer</Filter>
    </ClInclude>
    <ClInclude Include="Renderer\ClearSceneRendererCommand.h">
      <Filter>Renderer</Filter>
    </ClInclude>
    <ClInclude Include="Renderer\DeferredShadingSceneRendererCommand.h">
      <Filter>Renderer</Filter>
    </ClInclude>
    <ClInclude Include="Renderer\DisableZTestSceneRendererCommand.h">
      <Filter>Renderer</Filter>
    </ClInclude>
    <ClInclude Include="Renderer\DisableZWriteSceneRendererCommand.h">
      <Filter>Renderer</Filter>
    </ClInclude>
    <ClInclude Include="Renderer\DrawQuadRendererCommand.h">
      <Filter>Renderer</Filter>
    </ClInclude>
    <ClInclude Include="Renderer\EnableZTestSceneRendererCommand.h">
      <Filter>Renderer</Filter>
    </ClInclude>
    <ClInclude Include="Renderer\EnableZWriteSceneRendererCommand.h">
      <Filter>Renderer</Filter>
    </ClInclude>
    <ClInclude Include="Renderer\EndRenderSceneRendererCommand.h">
      <Filter>Renderer</Filter>
    </ClInclude>
    <ClInclude Include="Renderer\GenerateShadowMapsSceneRendererCommand.h">
      <Filter>Renderer</Filter>
    </ClInclude>
    <ClInclude Include="Renderer\PoolRenderableObjectTechnique.h">
      <Filter>Renderer</Filter>
    </ClInclude>
    <ClInclude Include="Renderer\RenderableObjectsLayersManager.h">
      <Filter>Renderer</Filter>
    </ClInclude>
    <ClInclude Include="Renderer\RenderableObjectsTechniqueManager.h">
      <Filter>Renderer</Filter>
    </ClInclude>
    <ClInclude Include="Renderer\RenderableObjectTechnique.h">
      <Filter>Renderer</Filter>
    </ClInclude>
    <ClInclude Include="Renderer\RenderableObjectTechniquesSceneRendererCommand.h">
      <Filter>Renderer</Filter>
    </ClInclude>
    <ClInclude Include="Renderer\RenderDebugLightsSceneSceneRendererCommand.h">
      <Filter>Renderer</Filter>
    </ClInclude>
    <ClInclude Include="Renderer\RenderDebugSceneSceneRendererCommand.h">
      <Filter>Renderer</Filter>
    </ClInclude>
    <ClInclude Include="Renderer\RenderDebugShadowMapsSceneRendererCommand.h">
      <Filter>Renderer</Filter>
    </ClInclude>
    <ClInclude Include="Renderer\RenderGUISceneRendererCommand.h">
      <Filter>Renderer</Filter>
    </ClInclude>
    <ClInclude Include="Renderer\RenderSceneSceneRendererCommand.h">
      <Filter>Renderer</Filter>
    </ClInclude>
    <ClInclude Include="Renderer\SceneRendererCommand.h">
      <Filter>Renderer</Filter>
    </ClInclude>
    <ClInclude Include="Renderer\SceneRendererCommandManager.h">
      <Filter>Renderer</Filter>
    </ClInclude>
    <ClInclude Include="Renderer\SetRenderTargetSceneRendererCommand.h">
      <Filter>Renderer</Filter>
    </ClInclude>
    <ClInclude Include="Renderer\StagedTexturedRendererCommand.h">
      <Filter>Renderer</Filter>
    </ClInclude>
    <ClInclude Include="Renderer\UnsetRenderTargetSceneRendererCommand.h">
      <Filter>Renderer</Filter>
    </ClInclude>
    <ClInclude Include="Renderer\PresentSceneRendererCommand.h">
      <Filter>Renderer</Filter>
    </ClInclude>
    <ClInclude Include="Renderer\RenderDebugInfoSceneRendererCommand.h">
      <Filter>Renderer</Filter>
    </ClInclude>
    <ClInclude Include="Renderer\SetupMatricesSceneRendererCommand.h">
      <Filter>Renderer</Filter>
    </ClInclude>
    <ClInclude Include="SpotLight.h">
      <Filter>Lights</Filter>
    </ClInclude>
    <ClInclude Include="Billboard.h">
      <Filter>Particles</Filter>
    </ClInclude>
    <ClInclude Include="BillboardAnimation.h">
      <Filter>Particles</Filter>
    </ClInclude>
    <ClInclude Include="Particle.h">
      <Filter>Particles</Filter>
    </ClInclude>
    <ClInclude Include="BillboardManager.h">
      <Filter>Particles</Filter>
    </ClInclude>
    <ClInclude Include="ParticleManager.h">
      <Filter>Particles</Filter>
    </ClInclude>
    <ClInclude Include="Renderer\ScissorRectSceneRendererCommand.h">
      <Filter>Renderer</Filter>
    </ClInclude>
    <ClInclude Include="Renderer\UnsetScissorRectSceneRendererCommand.h">
      <Filter>Renderer</Filter>
    </ClInclude>
    <ClInclude Include="Camera\ThirdPersonCamera.h">
      <Filter>Camera</Filter>
    </ClInclude>
    <ClInclude Include="ParticleEmitter.h">
      <Filter>Particles\Emitters</Filter>
    </ClInclude>
    <ClInclude Include="TorusEmitter.h">
      <Filter>Particles\Emitters</Filter>
    </ClInclude>
    <ClInclude Include="BoxEmitter.h">
      <Filter>Particles\Emitters</Filter>
    </ClInclude>
    <ClInclude Include="CircleEmitter.h">
      <Filter>Particles\Emitters</Filter>
    </ClInclude>
    <ClInclude Include="LineEmitter.h">
      <Filter>Particles\Emitters</Filter>
    </ClInclude>
    <ClInclude Include="PlaneEmitter.h">
      <Filter>Particles\Emitters</Filter>
    </ClInclude>
    <ClInclude Include="PointEmitter.h">
      <Filter>Particles\Emitters</Filter>
    </ClInclude>
    <ClInclude Include="SphereEmitter.h">
      <Filter>Particles\Emitters</Filter>
    </ClInclude>
    <ClInclude Include="Renderer\RenderParticlesSceneRendererCommand.h">
      <Filter>Renderer</Filter>
    </ClInclude>
    <ClInclude Include="FreeCamera.h">
      <Filter>Camera</Filter>
    </ClInclude>
    <ClInclude Include="Renderer\RenderDebugCameraSceneRendererCommand.h">
      <Filter>Renderer</Filter>
    </ClInclude>
    <ClInclude Include="Renderer\RenderMirrorsSceneRendererCommand.h">
      <Filter>Renderer</Filter>
    </ClInclude>
  </ItemGroup>
  <ItemGroup>
    <Filter Include="Camera">
      <UniqueIdentifier>{326433f0-6888-4149-8680-4ef44a4444c8}</UniqueIdentifier>
    </Filter>
    <Filter Include="Textures">
      <UniqueIdentifier>{ba41937c-666d-4d94-a206-bb181e8eeb18}</UniqueIdentifier>
    </Filter>
    <Filter Include="Vertexs">
      <UniqueIdentifier>{e316c04e-cac7-4ad6-b9db-724dd0f8b114}</UniqueIdentifier>
    </Filter>
    <Filter Include="RenderableObjects">
      <UniqueIdentifier>{6bf8c571-dc2c-4ac0-b500-61cf824cdce9}</UniqueIdentifier>
    </Filter>
    <Filter Include="Renderer">
      <UniqueIdentifier>{9675bb1e-c4a6-4a17-ba46-a7199bd7a865}</UniqueIdentifier>
    </Filter>
    <Filter Include="Particles">
      <UniqueIdentifier>{d6470b31-a22f-46b8-9672-9fc8fd3f09ec}</UniqueIdentifier>
    </Filter>
    <Filter Include="Particles\Emitters">
      <UniqueIdentifier>{092a528e-c60e-4b33-94ce-a19e8d408f87}</UniqueIdentifier>
    </Filter>
    <Filter Include="Lights">
      <UniqueIdentifier>{f234aee1-03ec-432b-bb21-ef74f92797da}</UniqueIdentifier>
    </Filter>
    <Filter Include="Effects">
      <UniqueIdentifier>{a8445fe3-d634-4e92-9864-4f229b39a221}</UniqueIdentifier>
    </Filter>
  </ItemGroup>
</Project>